<?xml version="1.0" encoding="utf-8"?>
<Project ToolsVersion="4.0" xmlns="http://schemas.microsoft.com/developer/msbuild/2003">
  <ItemGroup>
    <Filter Include="Core">
      <UniqueIdentifier>{93995380-89BD-4b04-88EB-625FBE52EBFB}</UniqueIdentifier>
      <Extensions>h;hpp;hxx;hm;inl;inc;xsd</Extensions>
    </Filter>
    <Filter Include="Mainloop">
      <UniqueIdentifier>{7b92cf30-308b-4f49-b6cf-b1821ef0322b}</UniqueIdentifier>
    </Filter>
    <Filter Include="Debugging">
      <UniqueIdentifier>{b127a875-3fc8-46e8-ad94-6690c0b8b6cc}</UniqueIdentifier>
    </Filter>
    <Filter Include="Utilities">
      <UniqueIdentifier>{066b0476-6889-41bc-a456-57504de4a814}</UniqueIdentifier>
    </Filter>
    <Filter Include="Events">
      <UniqueIdentifier>{2e9b8c2e-d7de-4d06-873b-71b6d9c3d24f}</UniqueIdentifier>
    </Filter>
    <Filter Include="Memory">
      <UniqueIdentifier>{05302b8f-7e61-4d02-a637-f48e5bb722d6}</UniqueIdentifier>
    </Filter>
    <Filter Include="Actor">
      <UniqueIdentifier>{35a508e1-0a54-40f4-aa55-cbc44b68a78b}</UniqueIdentifier>
    </Filter>
  </ItemGroup>
  <ItemGroup>
    <ClCompile Include="Core\Application.cpp">
      <Filter>Core</Filter>
    </ClCompile>
    <ClCompile Include="Mainloop\Initialization.cpp">
      <Filter>Mainloop</Filter>
    </ClCompile>
    <ClCompile Include="EngineMain.cpp" />
    <ClCompile Include="3rdParty\tinyxml2\tinyxml2.cpp">
      <Filter>Utilities</Filter>
    </ClCompile>
    <ClCompile Include="Utilities\String.cpp">
      <Filter>Utilities</Filter>
    </ClCompile>
    <ClCompile Include="Utilities\Clock.cpp">
      <Filter>Utilities</Filter>
    </ClCompile>
    <ClCompile Include="Events\EventManager.cpp">
      <Filter>Events</Filter>
    </ClCompile>
    <ClCompile Include="Events\EventManagerImpl.cpp">
      <Filter>Events</Filter>
    </ClCompile>
    <ClCompile Include="Events\Events.cpp">
      <Filter>Events</Filter>
    </ClCompile>
    <ClCompile Include="Memory\StackAllocator.cpp">
      <Filter>Memory</Filter>
    </ClCompile>
    <ClCompile Include="Actor\Actor.cpp">
      <Filter>Actor</Filter>
    </ClCompile>
    <ClCompile Include="Actor\ActorManager.cpp">
      <Filter>Actor</Filter>
    </ClCompile>
    <ClCompile Include="Actor\RenderComponent.cpp">
      <Filter>Actor</Filter>
    </ClCompile>
    <ClCompile Include="Core\BaseGameLogic.cpp">
      <Filter>Core</Filter>
    </ClCompile>
  </ItemGroup>
  <ItemGroup>
    <ClInclude Include="Core\Application.h">
      <Filter>Core</Filter>
    </ClInclude>
    <ClInclude Include="Debugging\Logger.h">
      <Filter>Debugging</Filter>
    </ClInclude>
    <ClInclude Include="Mainloop\Initialization.h">
      <Filter>Mainloop</Filter>
    </ClInclude>
    <ClInclude Include="3rdParty\tinyxml2\tinyxml2.h">
      <Filter>Utilities</Filter>
    </ClInclude>
    <ClInclude Include="Utilities\String.h">
      <Filter>Utilities</Filter>
    </ClInclude>
    <ClInclude Include="Utilities\Clock.h">
      <Filter>Utilities</Filter>
    </ClInclude>
    <ClInclude Include="Events\EventManager.h">
      <Filter>Events</Filter>
    </ClInclude>
    <ClInclude Include="Events\EventManagerImpl.h">
      <Filter>Events</Filter>
    </ClInclude>
    <ClInclude Include="Events\Events.h">
      <Filter>Events</Filter>
    </ClInclude>
    <ClInclude Include="Core\Interfaces.h">
      <Filter>Core</Filter>
    </ClInclude>
    <ClInclude Include="Memory\StackAllocator.h">
      <Filter>Memory</Filter>
    </ClInclude>
    <ClInclude Include="Actor\Actor.h">
      <Filter>Actor</Filter>
    </ClInclude>
    <ClInclude Include="Actor\Component.h">
      <Filter>Actor</Filter>
    </ClInclude>
    <ClInclude Include="Actor\ActorManager.h">
      <Filter>Actor</Filter>
    </ClInclude>
    <ClInclude Include="Utilities\templates.h">
      <Filter>Utilities</Filter>
    </ClInclude>
    <ClInclude Include="Actor\RenderComponent.h">
      <Filter>Actor</Filter>
    </ClInclude>
    <ClInclude Include="Core\BaseGameLogic.h">
      <Filter>Core</Filter>
    </ClInclude>
    <ClInclude Include="Global.h" />
  </ItemGroup>
</Project>