<?xml version="1.0" encoding="utf-8"?>
<Project ToolsVersion="4.0" xmlns="http://schemas.microsoft.com/developer/msbuild/2003">
  <ItemGroup>
    <Filter Include="Quelldateien">
      <UniqueIdentifier>{4FC737F1-C7A5-4376-A066-2A32D752A2FF}</UniqueIdentifier>
      <Extensions>cpp;c;cc;cxx;def;odl;idl;hpj;bat;asm;asmx</Extensions>
    </Filter>
    <Filter Include="Headerdateien">
      <UniqueIdentifier>{93995380-89BD-4b04-88EB-625FBE52EBFB}</UniqueIdentifier>
      <Extensions>h;hpp;hxx;hm;inl;inc;xsd</Extensions>
    </Filter>
    <Filter Include="Ressourcendateien">
      <UniqueIdentifier>{67DA6AB6-F800-4c08-8B7A-83BB121AAD01}</UniqueIdentifier>
      <Extensions>rc;ico;cur;bmp;dlg;rc2;rct;bin;rgs;gif;jpg;jpeg;jpe;resx;tiff;tif;png;wav;mfcribbon-ms</Extensions>
    </Filter>
    <Filter Include="Headerdateien\Drawable">
      <UniqueIdentifier>{3b7eb487-4520-4550-88f1-368a78312e8e}</UniqueIdentifier>
    </Filter>
  </ItemGroup>
  <ItemGroup>
    <None Include="ClassDiagram.cd" />
    <None Include="ClassDiagram1.cd" />
    <None Include="..\Include\Color.inl">
      <Filter>Headerdateien</Filter>
    </None>
    <None Include="..\Include\Vertex.inl">
      <Filter>Headerdateien</Filter>
    </None>
    <None Include="..\Include\Matrix2D.inl">
      <Filter>Headerdateien</Filter>
    </None>
    <None Include="..\Include\Vec4.inl">
      <Filter>Headerdateien</Filter>
    </None>
    <None Include="..\Include\Vec2.inl">
      <Filter>Headerdateien</Filter>
    </None>
    <None Include="..\Include\RenderState.inl">
      <Filter>Headerdateien</Filter>
    </None>
    <None Include="..\Include\Rectangle.inl">
      <Filter>Headerdateien</Filter>
    </None>
  </ItemGroup>
  <ItemGroup>
    <ClInclude Include="..\Include\RI.h">
      <Filter>Headerdateien</Filter>
    </ClInclude>
    <ClInclude Include="..\Include\Color.h">
      <Filter>Headerdateien</Filter>
    </ClInclude>
    <ClInclude Include="..\Include\Vertex.h">
      <Filter>Headerdateien</Filter>
    </ClInclude>
    <ClInclude Include="..\Include\HandleMgr.h">
      <Filter>Headerdateien</Filter>
    </ClInclude>
    <ClInclude Include="..\Include\Matrix2D.h">
      <Filter>Headerdateien</Filter>
    </ClInclude>
    <ClInclude Include="..\Include\Vec4.h">
      <Filter>Headerdateien</Filter>
    </ClInclude>
    <ClInclude Include="..\Include\Vec2.h">
      <Filter>Headerdateien</Filter>
    </ClInclude>
    <ClInclude Include="..\Include\RenderState.h">
      <Filter>Headerdateien</Filter>
    </ClInclude>
    <ClInclude Include="..\Include\Transformable.h">
      <Filter>Headerdateien</Filter>
    </ClInclude>
    <ClInclude Include="..\Include\ServiceLocator.h">
      <Filter>Headerdateien</Filter>
    </ClInclude>
    <ClInclude Include="..\Include\DynLibrary.h">
      <Filter>Headerdateien</Filter>
    </ClInclude>
    <ClInclude Include="..\Include\IRenderSystem.h">
      <Filter>Headerdateien</Filter>
    </ClInclude>
    <ClInclude Include="..\Include\Rectangle.h">
      <Filter>Headerdateien</Filter>
    </ClInclude>
    <ClInclude Include="..\Include\Camera.h">
      <Filter>Headerdateien</Filter>
    </ClInclude>
    <ClInclude Include="..\Include\RIMath.h">
      <Filter>Headerdateien</Filter>
    </ClInclude>
    <ClInclude Include="..\Include\Font.h">
      <Filter>Headerdateien</Filter>
    </ClInclude>
    <ClInclude Include="..\Include\Image.h">
      <Filter>Headerdateien</Filter>
    </ClInclude>
    <ClInclude Include="..\Include\Drawable\Drawable.h">
      <Filter>Headerdateien\Drawable</Filter>
    </ClInclude>
    <ClInclude Include="..\Include\Drawable\Sprite.h">
      <Filter>Headerdateien\Drawable</Filter>
    </ClInclude>
    <ClInclude Include="..\Include\Drawable\Label.h">
      <Filter>Headerdateien\Drawable</Filter>
    </ClInclude>
    <ClInclude Include="..\Include\Drawable\RectangleShape.h">
      <Filter>Headerdateien\Drawable</Filter>
    </ClInclude>
  </ItemGroup>
  <ItemGroup>
    <ClCompile Include="Transformable.cpp">
      <Filter>Quelldateien</Filter>
    </ClCompile>
    <ClCompile Include="Color.cpp">
      <Filter>Quelldateien</Filter>
    </ClCompile>
    <ClCompile Include="IRenderSystem.cpp">
      <Filter>Quelldateien</Filter>
    </ClCompile>
    <ClCompile Include="DynLibrary.cpp">
      <Filter>Quelldateien</Filter>
    </ClCompile>
    <ClCompile Include="Sprite.cpp">
      <Filter>Quelldateien</Filter>
    </ClCompile>
    <ClCompile Include="ServiceLocator.cpp">
      <Filter>Quelldateien</Filter>
    </ClCompile>
    <ClCompile Include="Matrix2D.cpp">
      <Filter>Quelldateien</Filter>
    </ClCompile>
    <ClCompile Include="Camera.cpp">
      <Filter>Quelldateien</Filter>
    </ClCompile>
    <ClCompile Include="RenderState.cpp">
      <Filter>Quelldateien</Filter>
    </ClCompile>
    <ClCompile Include="Label.cpp">
      <Filter>Quelldateien</Filter>
    </ClCompile>
    <ClCompile Include="Font.cpp">
      <Filter>Quelldateien</Filter>
    </ClCompile>
    <ClCompile Include="Image.cpp">
      <Filter>Quelldateien</Filter>
    </ClCompile>
    <ClCompile Include="RectangleShape.cpp">
      <Filter>Quelldateien</Filter>
    </ClCompile>
  </ItemGroup>
</Project>